
Microsoft Visual Studio Solution File, Format Version 12.00
# Visual Studio Version 16
VisualStudioVersion = 16.6.30114.105
MinimumVisualStudioVersion = 10.0.40219.1
Project("{2150E333-8FDC-42A3-9474-1A3956D46DE8}") = "tests", "tests", "{A1472E4D-935A-4CF3-8DE9-459018C36DDB}"
EndProject
Project("{F2A71F9B-5D33-465A-A702-920D77279786}") = "Informedica.PICE.Tests", "tests\Informedica.PICE.Tests\Informedica.PICE.Tests.fsproj", "{7512CAA5-ED39-43C5-836B-33D90ED0D8D7}"
EndProject
Project("{2150E333-8FDC-42A3-9474-1A3956D46DE8}") = "src", "src", "{AE602F78-920E-48B6-AB5E-BC7E7DB83418}"
EndProject
Project("{F2A71F9B-5D33-465A-A702-920D77279786}") = "Informedica.PICE.Lib", "src\Informedica.PICE.Lib\Informedica.PICE.Lib.fsproj", "{337ED156-926C-4DD8-983E-1C716213DF63}"
EndProject
Global
	GlobalSection(SolutionConfigurationPlatforms) = preSolution
		Debug|Any CPU = Debug|Any CPU
		Debug|x64 = Debug|x64
		Debug|x86 = Debug|x86
		Release|Any CPU = Release|Any CPU
		Release|x64 = Release|x64
		Release|x86 = Release|x86
	EndGlobalSection
	GlobalSection(SolutionProperties) = preSolution
		HideSolutionNode = FALSE
	EndGlobalSection
	GlobalSection(ProjectConfigurationPlatforms) = postSolution
		{7512CAA5-ED39-43C5-836B-33D90ED0D8D7}.Debug|Any CPU.ActiveCfg = Debug|Any CPU
		{7512CAA5-ED39-43C5-836B-33D90ED0D8D7}.Debug|Any CPU.Build.0 = Debug|Any CPU
		{7512CAA5-ED39-43C5-836B-33D90ED0D8D7}.Debug|x64.ActiveCfg = Debug|Any CPU
		{7512CAA5-ED39-43C5-836B-33D90ED0D8D7}.Debug|x64.Build.0 = Debug|Any CPU
		{7512CAA5-ED39-43C5-836B-33D90ED0D8D7}.Debug|x86.ActiveCfg = Debug|Any CPU
		{7512CAA5-ED39-43C5-836B-33D90ED0D8D7}.Debug|x86.Build.0 = Debug|Any CPU
		{7512CAA5-ED39-43C5-836B-33D90ED0D8D7}.Release|Any CPU.ActiveCfg = Release|Any CPU
		{7512CAA5-ED39-43C5-836B-33D90ED0D8D7}.Release|Any CPU.Build.0 = Release|Any CPU
		{7512CAA5-ED39-43C5-836B-33D90ED0D8D7}.Release|x64.ActiveCfg = Release|Any CPU
		{7512CAA5-ED39-43C5-836B-33D90ED0D8D7}.Release|x64.Build.0 = Release|Any CPU
		{7512CAA5-ED39-43C5-836B-33D90ED0D8D7}.Release|x86.ActiveCfg = Release|Any CPU
		{7512CAA5-ED39-43C5-836B-33D90ED0D8D7}.Release|x86.Build.0 = Release|Any CPU
		{337ED156-926C-4DD8-983E-1C716213DF63}.Debug|Any CPU.ActiveCfg = Debug|Any CPU
		{337ED156-926C-4DD8-983E-1C716213DF63}.Debug|Any CPU.Build.0 = Debug|Any CPU
		{337ED156-926C-4DD8-983E-1C716213DF63}.Debug|x64.ActiveCfg = Debug|Any CPU
		{337ED156-926C-4DD8-983E-1C716213DF63}.Debug|x64.Build.0 = Debug|Any CPU
		{337ED156-926C-4DD8-983E-1C716213DF63}.Debug|x86.ActiveCfg = Debug|Any CPU
		{337ED156-926C-4DD8-983E-1C716213DF63}.Debug|x86.Build.0 = Debug|Any CPU
		{337ED156-926C-4DD8-983E-1C716213DF63}.Release|Any CPU.ActiveCfg = Release|Any CPU
		{337ED156-926C-4DD8-983E-1C716213DF63}.Release|Any CPU.Build.0 = Release|Any CPU
		{337ED156-926C-4DD8-983E-1C716213DF63}.Release|x64.ActiveCfg = Release|Any CPU
		{337ED156-926C-4DD8-983E-1C716213DF63}.Release|x64.Build.0 = Release|Any CPU
		{337ED156-926C-4DD8-983E-1C716213DF63}.Release|x86.ActiveCfg = Release|Any CPU
		{337ED156-926C-4DD8-983E-1C716213DF63}.Release|x86.Build.0 = Release|Any CPU
	EndGlobalSection
	GlobalSection(NestedProjects) = preSolution
		{7512CAA5-ED39-43C5-836B-33D90ED0D8D7} = {A1472E4D-935A-4CF3-8DE9-459018C36DDB}
		{337ED156-926C-4DD8-983E-1C716213DF63} = {AE602F78-920E-48B6-AB5E-BC7E7DB83418}
	EndGlobalSection
EndGlobal
